
Microsoft Visual Studio Solution File, Format Version 12.00
# Visual Studio Version 17
VisualStudioVersion = 17.0.31903.59
MinimumVisualStudioVersion = 10.0.40219.1
Project("{2150E333-8FDC-42A3-9474-1A3956D46DE8}") = "src", "src", "{827E0CD3-B72D-47B6-A68D-7590B98EB39B}"
EndProject
Project("{FAE04EC0-301F-11D3-BF4B-00C04F79EFBC}") = "CloudOrders.Api", "src\CloudOrders.Api\CloudOrders.Api.csproj", "{7AC85F97-E5EE-46CE-B416-7D7D8D683989}"
EndProject
Project("{FAE04EC0-301F-11D3-BF4B-00C04F79EFBC}") = "CloudOrders.Application", "src\CloudOrders.Application\CloudOrders.Application.csproj", "{408C92DA-6246-43FD-9BC2-B520833C16C7}"
EndProject
Project("{FAE04EC0-301F-11D3-BF4B-00C04F79EFBC}") = "CloudOrders.Domain", "src\CloudOrders.Domain\CloudOrders.Domain.csproj", "{1F47C25E-7257-4133-B7A3-F825A9E2F44A}"
EndProject
Project("{FAE04EC0-301F-11D3-BF4B-00C04F79EFBC}") = "CloudOrders.Infrastructure", "src\CloudOrders.Infrastructure\CloudOrders.Infrastructure.csproj", "{29AB9666-4829-4BCE-932D-B7B000B54CBC}"
EndProject
Project("{FAE04EC0-301F-11D3-BF4B-00C04F79EFBC}") = "CloudOrders.Messaging.Worker", "src\CloudOrders.Messaging.Worker\CloudOrders.Messaging.Worker.csproj", "{6E1D50C7-4DCC-4D45-9FDD-175CAF493CA1}"
EndProject
Project("{FAE04EC0-301F-11D3-BF4B-00C04F79EFBC}") = "CloudOrders.Payment.Worker", "src\CloudOrders.Payment.Worker\CloudOrders.Payment.Worker.csproj", "{B7F4B7B8-9B55-4AA4-81B2-69DC9D8029EE}"
EndProject
Project("{FAE04EC0-301F-11D3-BF4B-00C04F79EFBC}") = "CloudOrders.Inventory.Worker", "src\CloudOrders.Inventory.Worker\CloudOrders.Inventory.Worker.csproj", "{E0DC15DA-3775-447B-9202-EF1C9BFA851C}"
EndProject
Project("{FAE04EC0-301F-11D3-BF4B-00C04F79EFBC}") = "CloudOrders.Notification.Worker", "src\CloudOrders.Notification.Worker\CloudOrders.Notification.Worker.csproj", "{51A27D7D-CE1C-4CDD-9ECB-4AB833E1463B}"
EndProject
Project("{2150E333-8FDC-42A3-9474-1A3956D46DE8}") = "tests", "tests", "{0AB3BF05-4346-4AA6-1389-037BE0695223}"
EndProject
Project("{FAE04EC0-301F-11D3-BF4B-00C04F79EFBC}") = "CloudOrders.UnitTests", "tests\CloudOrders.UnitTests\CloudOrders.UnitTests.csproj", "{03A2F22D-B2BA-48F1-AE82-9FB2FE2D60D0}"
EndProject
Project("{FAE04EC0-301F-11D3-BF4B-00C04F79EFBC}") = "CloudOrders.IntegrationTests", "tests\CloudOrders.IntegrationTests\CloudOrders.IntegrationTests.csproj", "{A6D0842A-68E9-4008-9DDA-5EF8C3A6ED70}"
EndProject
Global
	GlobalSection(SolutionConfigurationPlatforms) = preSolution
		Debug|Any CPU = Debug|Any CPU
		Debug|x64 = Debug|x64
		Debug|x86 = Debug|x86
		Release|Any CPU = Release|Any CPU
		Release|x64 = Release|x64
		Release|x86 = Release|x86
	EndGlobalSection
	GlobalSection(ProjectConfigurationPlatforms) = postSolution
		{7AC85F97-E5EE-46CE-B416-7D7D8D683989}.Debug|Any CPU.ActiveCfg = Debug|Any CPU
		{7AC85F97-E5EE-46CE-B416-7D7D8D683989}.Debug|Any CPU.Build.0 = Debug|Any CPU
		{7AC85F97-E5EE-46CE-B416-7D7D8D683989}.Debug|x64.ActiveCfg = Debug|Any CPU
		{7AC85F97-E5EE-46CE-B416-7D7D8D683989}.Debug|x64.Build.0 = Debug|Any CPU
		{7AC85F97-E5EE-46CE-B416-7D7D8D683989}.Debug|x86.ActiveCfg = Debug|Any CPU
		{7AC85F97-E5EE-46CE-B416-7D7D8D683989}.Debug|x86.Build.0 = Debug|Any CPU
		{7AC85F97-E5EE-46CE-B416-7D7D8D683989}.Release|Any CPU.ActiveCfg = Release|Any CPU
		{7AC85F97-E5EE-46CE-B416-7D7D8D683989}.Release|Any CPU.Build.0 = Release|Any CPU
		{7AC85F97-E5EE-46CE-B416-7D7D8D683989}.Release|x64.ActiveCfg = Release|Any CPU
		{7AC85F97-E5EE-46CE-B416-7D7D8D683989}.Release|x64.Build.0 = Release|Any CPU
		{7AC85F97-E5EE-46CE-B416-7D7D8D683989}.Release|x86.ActiveCfg = Release|Any CPU
		{7AC85F97-E5EE-46CE-B416-7D7D8D683989}.Release|x86.Build.0 = Release|Any CPU
		{408C92DA-6246-43FD-9BC2-B520833C16C7}.Debug|Any CPU.ActiveCfg = Debug|Any CPU
		{408C92DA-6246-43FD-9BC2-B520833C16C7}.Debug|Any CPU.Build.0 = Debug|Any CPU
		{408C92DA-6246-43FD-9BC2-B520833C16C7}.Debug|x64.ActiveCfg = Debug|Any CPU
		{408C92DA-6246-43FD-9BC2-B520833C16C7}.Debug|x64.Build.0 = Debug|Any CPU
		{408C92DA-6246-43FD-9BC2-B520833C16C7}.Debug|x86.ActiveCfg = Debug|Any CPU
		{408C92DA-6246-43FD-9BC2-B520833C16C7}.Debug|x86.Build.0 = Debug|Any CPU
		{408C92DA-6246-43FD-9BC2-B520833C16C7}.Release|Any CPU.ActiveCfg = Release|Any CPU
		{408C92DA-6246-43FD-9BC2-B520833C16C7}.Release|Any CPU.Build.0 = Release|Any CPU
		{408C92DA-6246-43FD-9BC2-B520833C16C7}.Release|x64.ActiveCfg = Release|Any CPU
		{408C92DA-6246-43FD-9BC2-B520833C16C7}.Release|x64.Build.0 = Release|Any CPU
		{408C92DA-6246-43FD-9BC2-B520833C16C7}.Release|x86.ActiveCfg = Release|Any CPU
		{408C92DA-6246-43FD-9BC2-B520833C16C7}.Release|x86.Build.0 = Release|Any CPU
		{1F47C25E-7257-4133-B7A3-F825A9E2F44A}.Debug|Any CPU.ActiveCfg = Debug|Any CPU
		{1F47C25E-7257-4133-B7A3-F825A9E2F44A}.Debug|Any CPU.Build.0 = Debug|Any CPU
		{1F47C25E-7257-4133-B7A3-F825A9E2F44A}.Debug|x64.ActiveCfg = Debug|Any CPU
		{1F47C25E-7257-4133-B7A3-F825A9E2F44A}.Debug|x64.Build.0 = Debug|Any CPU
		{1F47C25E-7257-4133-B7A3-F825A9E2F44A}.Debug|x86.ActiveCfg = Debug|Any CPU
		{1F47C25E-7257-4133-B7A3-F825A9E2F44A}.Debug|x86.Build.0 = Debug|Any CPU
		{1F47C25E-7257-4133-B7A3-F825A9E2F44A}.Release|Any CPU.ActiveCfg = Release|Any CPU
		{1F47C25E-7257-4133-B7A3-F825A9E2F44A}.Release|Any CPU.Build.0 = Release|Any CPU
		{1F47C25E-7257-4133-B7A3-F825A9E2F44A}.Release|x64.ActiveCfg = Release|Any CPU
		{1F47C25E-7257-4133-B7A3-F825A9E2F44A}.Release|x64.Build.0 = Release|Any CPU
		{1F47C25E-7257-4133-B7A3-F825A9E2F44A}.Release|x86.ActiveCfg = Release|Any CPU
		{1F47C25E-7257-4133-B7A3-F825A9E2F44A}.Release|x86.Build.0 = Release|Any CPU
		{29AB9666-4829-4BCE-932D-B7B000B54CBC}.Debug|Any CPU.ActiveCfg = Debug|Any CPU
		{29AB9666-4829-4BCE-932D-B7B000B54CBC}.Debug|Any CPU.Build.0 = Debug|Any CPU
		{29AB9666-4829-4BCE-932D-B7B000B54CBC}.Debug|x64.ActiveCfg = Debug|Any CPU
		{29AB9666-4829-4BCE-932D-B7B000B54CBC}.Debug|x64.Build.0 = Debug|Any CPU
		{29AB9666-4829-4BCE-932D-B7B000B54CBC}.Debug|x86.ActiveCfg = Debug|Any CPU
		{29AB9666-4829-4BCE-932D-B7B000B54CBC}.Debug|x86.Build.0 = Debug|Any CPU
		{29AB9666-4829-4BCE-932D-B7B000B54CBC}.Release|Any CPU.ActiveCfg = Release|Any CPU
		{29AB9666-4829-4BCE-932D-B7B000B54CBC}.Release|Any CPU.Build.0 = Release|Any CPU
		{29AB9666-4829-4BCE-932D-B7B000B54CBC}.Release|x64.ActiveCfg = Release|Any CPU
		{29AB9666-4829-4BCE-932D-B7B000B54CBC}.Release|x64.Build.0 = Release|Any CPU
		{29AB9666-4829-4BCE-932D-B7B000B54CBC}.Release|x86.ActiveCfg = Release|Any CPU
		{29AB9666-4829-4BCE-932D-B7B000B54CBC}.Release|x86.Build.0 = Release|Any CPU
		{6E1D50C7-4DCC-4D45-9FDD-175CAF493CA1}.Debug|Any CPU.ActiveCfg = Debug|Any CPU
		{6E1D50C7-4DCC-4D45-9FDD-175CAF493CA1}.Debug|Any CPU.Build.0 = Debug|Any CPU
		{6E1D50C7-4DCC-4D45-9FDD-175CAF493CA1}.Debug|x64.ActiveCfg = Debug|Any CPU
		{6E1D50C7-4DCC-4D45-9FDD-175CAF493CA1}.Debug|x64.Build.0 = Debug|Any CPU
		{6E1D50C7-4DCC-4D45-9FDD-175CAF493CA1}.Debug|x86.ActiveCfg = Debug|Any CPU
		{6E1D50C7-4DCC-4D45-9FDD-175CAF493CA1}.Debug|x86.Build.0 = Debug|Any CPU
		{6E1D50C7-4DCC-4D45-9FDD-175CAF493CA1}.Release|Any CPU.ActiveCfg = Release|Any CPU
		{6E1D50C7-4DCC-4D45-9FDD-175CAF493CA1}.Release|Any CPU.Build.0 = Release|Any CPU
		{6E1D50C7-4DCC-4D45-9FDD-175CAF493CA1}.Release|x64.ActiveCfg = Release|Any CPU
		{6E1D50C7-4DCC-4D45-9FDD-175CAF493CA1}.Release|x64.Build.0 = Release|Any CPU
		{6E1D50C7-4DCC-4D45-9FDD-175CAF493CA1}.Release|x86.ActiveCfg = Release|Any CPU
		{6E1D50C7-4DCC-4D45-9FDD-175CAF493CA1}.Release|x86.Build.0 = Release|Any CPU
		{B7F4B7B8-9B55-4AA4-81B2-69DC9D8029EE}.Debug|Any CPU.ActiveCfg = Debug|Any CPU
		{B7F4B7B8-9B55-4AA4-81B2-69DC9D8029EE}.Debug|Any CPU.Build.0 = Debug|Any CPU
		{B7F4B7B8-9B55-4AA4-81B2-69DC9D8029EE}.Debug|x64.ActiveCfg = Debug|Any CPU
		{B7F4B7B8-9B55-4AA4-81B2-69DC9D8029EE}.Debug|x64.Build.0 = Debug|Any CPU
		{B7F4B7B8-9B55-4AA4-81B2-69DC9D8029EE}.Debug|x86.ActiveCfg = Debug|Any CPU
		{B7F4B7B8-9B55-4AA4-81B2-69DC9D8029EE}.Debug|x86.Build.0 = Debug|Any CPU
		{B7F4B7B8-9B55-4AA4-81B2-69DC9D8029EE}.Release|Any CPU.ActiveCfg = Release|Any CPU
		{B7F4B7B8-9B55-4AA4-81B2-69DC9D8029EE}.Release|Any CPU.Build.0 = Release|Any CPU
		{B7F4B7B8-9B55-4AA4-81B2-69DC9D8029EE}.Release|x64.ActiveCfg = Release|Any CPU
		{B7F4B7B8-9B55-4AA4-81B2-69DC9D8029EE}.Release|x64.Build.0 = Release|Any CPU
		{B7F4B7B8-9B55-4AA4-81B2-69DC9D8029EE}.Release|x86.ActiveCfg = Release|Any CPU
		{B7F4B7B8-9B55-4AA4-81B2-69DC9D8029EE}.Release|x86.Build.0 = Release|Any CPU
		{E0DC15DA-3775-447B-9202-EF1C9BFA851C}.Debug|Any CPU.ActiveCfg = Debug|Any CPU
		{E0DC15DA-3775-447B-9202-EF1C9BFA851C}.Debug|Any CPU.Build.0 = Debug|Any CPU
		{E0DC15DA-3775-447B-9202-EF1C9BFA851C}.Debug|x64.ActiveCfg = Debug|Any CPU
		{E0DC15DA-3775-447B-9202-EF1C9BFA851C}.Debug|x64.Build.0 = Debug|Any CPU
		{E0DC15DA-3775-447B-9202-EF1C9BFA851C}.Debug|x86.ActiveCfg = Debug|Any CPU
		{E0DC15DA-3775-447B-9202-EF1C9BFA851C}.Debug|x86.Build.0 = Debug|Any CPU
		{E0DC15DA-3775-447B-9202-EF1C9BFA851C}.Release|Any CPU.ActiveCfg = Release|Any CPU
		{E0DC15DA-3775-447B-9202-EF1C9BFA851C}.Release|Any CPU.Build.0 = Release|Any CPU
		{E0DC15DA-3775-447B-9202-EF1C9BFA851C}.Release|x64.ActiveCfg = Release|Any CPU
		{E0DC15DA-3775-447B-9202-EF1C9BFA851C}.Release|x64.Build.0 = Release|Any CPU
		{E0DC15DA-3775-447B-9202-EF1C9BFA851C}.Release|x86.ActiveCfg = Release|Any CPU
		{E0DC15DA-3775-447B-9202-EF1C9BFA851C}.Release|x86.Build.0 = Release|Any CPU
		{51A27D7D-CE1C-4CDD-9ECB-4AB833E1463B}.Debug|Any CPU.ActiveCfg = Debug|Any CPU
		{51A27D7D-CE1C-4CDD-9ECB-4AB833E1463B}.Debug|Any CPU.Build.0 = Debug|Any CPU
		{51A27D7D-CE1C-4CDD-9ECB-4AB833E1463B}.Debug|x64.ActiveCfg = Debug|Any CPU
		{51A27D7D-CE1C-4CDD-9ECB-4AB833E1463B}.Debug|x64.Build.0 = Debug|Any CPU
		{51A27D7D-CE1C-4CDD-9ECB-4AB833E1463B}.Debug|x86.ActiveCfg = Debug|Any CPU
		{51A27D7D-CE1C-4CDD-9ECB-4AB833E1463B}.Debug|x86.Build.0 = Debug|Any CPU
		{51A27D7D-CE1C-4CDD-9ECB-4AB833E1463B}.Release|Any CPU.ActiveCfg = Release|Any CPU
		{51A27D7D-CE1C-4CDD-9ECB-4AB833E1463B}.Release|Any CPU.Build.0 = Release|Any CPU
		{51A27D7D-CE1C-4CDD-9ECB-4AB833E1463B}.Release|x64.ActiveCfg = Release|Any CPU
		{51A27D7D-CE1C-4CDD-9ECB-4AB833E1463B}.Release|x64.Build.0 = Release|Any CPU
		{51A27D7D-CE1C-4CDD-9ECB-4AB833E1463B}.Release|x86.ActiveCfg = Release|Any CPU
		{51A27D7D-CE1C-4CDD-9ECB-4AB833E1463B}.Release|x86.Build.0 = Release|Any CPU
		{03A2F22D-B2BA-48F1-AE82-9FB2FE2D60D0}.Debug|Any CPU.ActiveCfg = Debug|Any CPU
		{03A2F22D-B2BA-48F1-AE82-9FB2FE2D60D0}.Debug|Any CPU.Build.0 = Debug|Any CPU
		{03A2F22D-B2BA-48F1-AE82-9FB2FE2D60D0}.Debug|x64.ActiveCfg = Debug|Any CPU
		{03A2F22D-B2BA-48F1-AE82-9FB2FE2D60D0}.Debug|x64.Build.0 = Debug|Any CPU
		{03A2F22D-B2BA-48F1-AE82-9FB2FE2D60D0}.Debug|x86.ActiveCfg = Debug|Any CPU
		{03A2F22D-B2BA-48F1-AE82-9FB2FE2D60D0}.Debug|x86.Build.0 = Debug|Any CPU
		{03A2F22D-B2BA-48F1-AE82-9FB2FE2D60D0}.Release|Any CPU.ActiveCfg = Release|Any CPU
		{03A2F22D-B2BA-48F1-AE82-9FB2FE2D60D0}.Release|Any CPU.Build.0 = Release|Any CPU
		{03A2F22D-B2BA-48F1-AE82-9FB2FE2D60D0}.Release|x64.ActiveCfg = Release|Any CPU
		{03A2F22D-B2BA-48F1-AE82-9FB2FE2D60D0}.Release|x64.Build.0 = Release|Any CPU
		{03A2F22D-B2BA-48F1-AE82-9FB2FE2D60D0}.Release|x86.ActiveCfg = Release|Any CPU
		{03A2F22D-B2BA-48F1-AE82-9FB2FE2D60D0}.Release|x86.Build.0 = Release|Any CPU
		{A6D0842A-68E9-4008-9DDA-5EF8C3A6ED70}.Debug|Any CPU.ActiveCfg = Debug|Any CPU
		{A6D0842A-68E9-4008-9DDA-5EF8C3A6ED70}.Debug|Any CPU.Build.0 = Debug|Any CPU
		{A6D0842A-68E9-4008-9DDA-5EF8C3A6ED70}.Debug|x64.ActiveCfg = Debug|Any CPU
		{A6D0842A-68E9-4008-9DDA-5EF8C3A6ED70}.Debug|x64.Build.0 = Debug|Any CPU
		{A6D0842A-68E9-4008-9DDA-5EF8C3A6ED70}.Debug|x86.ActiveCfg = Debug|Any CPU
		{A6D0842A-68E9-4008-9DDA-5EF8C3A6ED70}.Debug|x86.Build.0 = Debug|Any CPU
		{A6D0842A-68E9-4008-9DDA-5EF8C3A6ED70}.Release|Any CPU.ActiveCfg = Release|Any CPU
		{A6D0842A-68E9-4008-9DDA-5EF8C3A6ED70}.Release|Any CPU.Build.0 = Release|Any CPU
		{A6D0842A-68E9-4008-9DDA-5EF8C3A6ED70}.Release|x64.ActiveCfg = Release|Any CPU
		{A6D0842A-68E9-4008-9DDA-5EF8C3A6ED70}.Release|x64.Build.0 = Release|Any CPU
		{A6D0842A-68E9-4008-9DDA-5EF8C3A6ED70}.Release|x86.ActiveCfg = Release|Any CPU
		{A6D0842A-68E9-4008-9DDA-5EF8C3A6ED70}.Release|x86.Build.0 = Release|Any CPU
	EndGlobalSection
	GlobalSection(SolutionProperties) = preSolution
		HideSolutionNode = FALSE
	EndGlobalSection
	GlobalSection(NestedProjects) = preSolution
		{7AC85F97-E5EE-46CE-B416-7D7D8D683989} = {827E0CD3-B72D-47B6-A68D-7590B98EB39B}
		{408C92DA-6246-43FD-9BC2-B520833C16C7} = {827E0CD3-B72D-47B6-A68D-7590B98EB39B}
		{1F47C25E-7257-4133-B7A3-F825A9E2F44A} = {827E0CD3-B72D-47B6-A68D-7590B98EB39B}
		{29AB9666-4829-4BCE-932D-B7B000B54CBC} = {827E0CD3-B72D-47B6-A68D-7590B98EB39B}
		{6E1D50C7-4DCC-4D45-9FDD-175CAF493CA1} = {827E0CD3-B72D-47B6-A68D-7590B98EB39B}
		{B7F4B7B8-9B55-4AA4-81B2-69DC9D8029EE} = {827E0CD3-B72D-47B6-A68D-7590B98EB39B}
		{E0DC15DA-3775-447B-9202-EF1C9BFA851C} = {827E0CD3-B72D-47B6-A68D-7590B98EB39B}
		{51A27D7D-CE1C-4CDD-9ECB-4AB833E1463B} = {827E0CD3-B72D-47B6-A68D-7590B98EB39B}
		{03A2F22D-B2BA-48F1-AE82-9FB2FE2D60D0} = {0AB3BF05-4346-4AA6-1389-037BE0695223}
		{A6D0842A-68E9-4008-9DDA-5EF8C3A6ED70} = {0AB3BF05-4346-4AA6-1389-037BE0695223}
	EndGlobalSection
EndGlobal
